
Microsoft Visual Studio Solution File, Format Version 12.00
# Visual Studio Version 17
VisualStudioVersion = 17.7.34221.43
MinimumVisualStudioVersion = 10.0.40219.1
Project("{FAE04EC0-301F-11D3-BF4B-00C04F79EFBC}") = "WebPizzaApp", "WebPizzaApp\WebPizzaApp.csproj", "{8F8ADDD7-F0C5-494F-99EC-360701581E0C}"
EndProject
Project("{FAE04EC0-301F-11D3-BF4B-00C04F79EFBC}") = "PizzaLib", "PizzaLib\PizzaLib.csproj", "{C4608DF4-0DB2-4E36-B897-38F66277F04C}"
EndProject
Global
	GlobalSection(SolutionConfigurationPlatforms) = preSolution
		Debug|Any CPU = Debug|Any CPU
		Release|Any CPU = Release|Any CPU
	EndGlobalSection
	GlobalSection(ProjectConfigurationPlatforms) = postSolution
		{8F8ADDD7-F0C5-494F-99EC-360701581E0C}.Debug|Any CPU.ActiveCfg = Debug|Any CPU
		{8F8ADDD7-F0C5-494F-99EC-360701581E0C}.Debug|Any CPU.Build.0 = Debug|Any CPU
		{8F8ADDD7-F0C5-494F-99EC-360701581E0C}.Release|Any CPU.ActiveCfg = Release|Any CPU
		{8F8ADDD7-F0C5-494F-99EC-360701581E0C}.Release|Any CPU.Build.0 = Release|Any CPU
		{C4608DF4-0DB2-4E36-B897-38F66277F04C}.Debug|Any CPU.ActiveCfg = Debug|Any CPU
		{C4608DF4-0DB2-4E36-B897-38F66277F04C}.Debug|Any CPU.Build.0 = Debug|Any CPU
		{C4608DF4-0DB2-4E36-B897-38F66277F04C}.Release|Any CPU.ActiveCfg = Release|Any CPU
		{C4608DF4-0DB2-4E36-B897-38F66277F04C}.Release|Any CPU.Build.0 = Release|Any CPU
	EndGlobalSection
	GlobalSection(SolutionProperties) = preSolution
		HideSolutionNode = FALSE
	EndGlobalSection
	GlobalSection(ExtensibilityGlobals) = postSolution
		SolutionGuid = {0411F007-DFF4-4A7A-AAEB-F7DBA0FCED6C}
	EndGlobalSection
EndGlobal
